
Microsoft Visual Studio Solution File, Format Version 12.00
# Visual Studio Version 16
VisualStudioVersion = 16.0.31129.286
MinimumVisualStudioVersion = 10.0.40219.1
Project("{FAE04EC0-301F-11D3-BF4B-00C04F79EFBC}") = "ProjetTest", "ProjetTest.csproj", "{CBF4AAA2-82BE-4F3E-BE51-1A57D461E14A}"
EndProject
Global
	GlobalSection(SolutionConfigurationPlatforms) = preSolution
		Debug|Any CPU = Debug|Any CPU
		Release|Any CPU = Release|Any CPU
	EndGlobalSection
	GlobalSection(ProjectConfigurationPlatforms) = postSolution
		{CBF4AAA2-82BE-4F3E-BE51-1A57D461E14A}.Debug|Any CPU.ActiveCfg = Debug|Any CPU
		{CBF4AAA2-82BE-4F3E-BE51-1A57D461E14A}.Debug|Any CPU.Build.0 = Debug|Any CPU
		{CBF4AAA2-82BE-4F3E-BE51-1A57D461E14A}.Release|Any CPU.ActiveCfg = Release|Any CPU
		{CBF4AAA2-82BE-4F3E-BE51-1A57D461E14A}.Release|Any CPU.Build.0 = Release|Any CPU
	EndGlobalSection
	GlobalSection(SolutionProperties) = preSolution
		HideSolutionNode = FALSE
	EndGlobalSection
	GlobalSection(ExtensibilityGlobals) = postSolution
		SolutionGuid = {74705B8D-64B0-4FF4-A18E-23620FEE1907}
	EndGlobalSection
EndGlobal
